{
    "version": 3,
    "terraform_version": "0.11.14",
    "serial": 13,
    "lineage": "74a5e904-33d6-68a9-f33e-c5b3db4c2601",
    "modules": [
        {
            "path": [
                "root"
            ],
            "outputs": {},
            "resources": {
                "aws_db_instance.db": {
                    "type": "aws_db_instance",
                    "depends_on": [
                        "aws_db_subnet_group.default",
                        "aws_security_group.security"
                    ],
                    "primary": {
                        "id": "terraform-20201205040123843700000001",
                        "attributes": {
                            "address": "terraform-20201205040123843700000001.cspnbmnk7sqc.us-east-1.rds.amazonaws.com",
                            "allocated_storage": "20",
                            "arn": "arn:aws:rds:us-east-1:467546715307:db:terraform-20201205040123843700000001",
                            "auto_minor_version_upgrade": "true",
                            "availability_zone": "us-east-1d",
                            "backup_retention_period": "0",
                            "backup_window": "08:18-08:48",
                            "ca_cert_identifier": "rds-ca-2019",
                            "copy_tags_to_snapshot": "false",
                            "db_subnet_group_name": "main",
                            "delete_automated_backups": "true",
                            "deletion_protection": "false",
                            "domain": "",
                            "domain_iam_role_name": "",
                            "enabled_cloudwatch_logs_exports.#": "0",
                            "endpoint": "terraform-20201205040123843700000001.cspnbmnk7sqc.us-east-1.rds.amazonaws.com:3306",
                            "engine": "mysql",
                            "engine_version": "5.7.26",
                            "hosted_zone_id": "Z2R2ITUGPM61AM",
                            "iam_database_authentication_enabled": "false",
                            "id": "terraform-20201205040123843700000001",
                            "identifier": "terraform-20201205040123843700000001",
                            "instance_class": "db.t2.micro",
                            "iops": "0",
                            "kms_key_id": "",
                            "license_model": "general-public-license",
                            "maintenance_window": "wed:05:12-wed:05:42",
                            "max_allocated_storage": "0",
                            "monitoring_interval": "0",
                            "monitoring_role_arn": "",
                            "multi_az": "false",
                            "name": "db",
                            "option_group_name": "default:mysql-5-7",
                            "parameter_group_name": "default.mysql5.7",
                            "password": "bernard123",
                            "performance_insights_enabled": "false",
                            "performance_insights_kms_key_id": "",
                            "performance_insights_retention_period": "0",
                            "port": "3306",
                            "publicly_accessible": "true",
                            "replicas.#": "0",
                            "replicate_source_db": "",
                            "resource_id": "db-O3FCHAI6YZBNAC2PSMTTQZNSII",
                            "security_group_names.#": "0",
                            "skip_final_snapshot": "true",
                            "status": "available",
                            "storage_encrypted": "false",
                            "storage_type": "gp2",
                            "tags.%": "0",
                            "timezone": "",
                            "username": "bernard",
                            "vpc_security_group_ids.#": "1",
                            "vpc_security_group_ids.1272791287": "sg-075f2f186b463f86e"
                        },
                        "meta": {
                            "e2bfb730-ecaa-11e6-8f88-34363bc7c4c0": {
                                "create": 2400000000000,
                                "delete": 2400000000000,
                                "update": 4800000000000
                            },
                            "schema_version": "1"
                        },
                        "tainted": false
                    },
                    "deposed": [],
                    "provider": "provider.aws"
                },
                "aws_db_subnet_group.default": {
                    "type": "aws_db_subnet_group",
                    "depends_on": [],
                    "primary": {
                        "id": "main",
                        "attributes": {
                            "arn": "arn:aws:rds:us-east-1:467546715307:subgrp:main",
                            "description": "Managed by Terraform",
                            "id": "main",
                            "name": "main",
                            "subnet_ids.#": "3",
                            "subnet_ids.2361791259": "subnet-f521f2d4",
                            "subnet_ids.3502384367": "subnet-d69b83e8",
                            "subnet_ids.379026170": "subnet-756cb913",
                            "tags.%": "0"
                        },
                        "meta": {},
                        "tainted": false
                    },
                    "deposed": [],
                    "provider": "provider.aws"
                },
                "aws_security_group.security": {
                    "type": "aws_security_group",
                    "depends_on": [],
                    "primary": {
                        "id": "sg-075f2f186b463f86e",
                        "attributes": {
                            "arn": "arn:aws:ec2:us-east-1:467546715307:security-group/sg-075f2f186b463f86e",
                            "description": "Mysql traffic",
                            "egress.#": "1",
                            "egress.482069346.cidr_blocks.#": "1",
                            "egress.482069346.cidr_blocks.0": "0.0.0.0/0",
                            "egress.482069346.description": "",
                            "egress.482069346.from_port": "0",
                            "egress.482069346.ipv6_cidr_blocks.#": "0",
                            "egress.482069346.prefix_list_ids.#": "0",
                            "egress.482069346.protocol": "-1",
                            "egress.482069346.security_groups.#": "0",
                            "egress.482069346.self": "false",
                            "egress.482069346.to_port": "0",
                            "id": "sg-075f2f186b463f86e",
                            "ingress.#": "1",
                            "ingress.357860983.cidr_blocks.#": "1",
                            "ingress.357860983.cidr_blocks.0": "0.0.0.0/0",
                            "ingress.357860983.description": "Mysql connection",
                            "ingress.357860983.from_port": "3306",
                            "ingress.357860983.ipv6_cidr_blocks.#": "0",
                            "ingress.357860983.prefix_list_ids.#": "0",
                            "ingress.357860983.protocol": "tcp",
                            "ingress.357860983.security_groups.#": "0",
                            "ingress.357860983.self": "false",
                            "ingress.357860983.to_port": "3306",
                            "name": "db",
                            "owner_id": "467546715307",
                            "revoke_rules_on_delete": "false",
                            "tags.%": "0",
                            "vpc_id": "vpc-9f5dbce2"
                        },
                        "meta": {
                            "e2bfb730-ecaa-11e6-8f88-34363bc7c4c0": {
                                "create": 600000000000,
                                "delete": 600000000000
                            },
                            "schema_version": "1"
                        },
                        "tainted": false
                    },
                    "deposed": [],
                    "provider": "provider.aws"
                }
            },
            "depends_on": []
        }
    ]
}
